
Microsoft Visual Studio Solution File, Format Version 12.00
# Visual Studio 2012
Project("{FAE04EC0-301F-11D3-BF4B-00C04F79EFBC}") = "CRM Workflow", "CRM Workflow\CRM Workflow.csproj", "{A5AD8A51-0E40-4D13-90D9-D64705BF8261}"
EndProject
Global
	GlobalSection(SolutionConfigurationPlatforms) = preSolution
		Debug|Any CPU = Debug|Any CPU
		Release|Any CPU = Release|Any CPU
	EndGlobalSection
	GlobalSection(ProjectConfigurationPlatforms) = postSolution
		{A5AD8A51-0E40-4D13-90D9-D64705BF8261}.Debug|Any CPU.ActiveCfg = Debug|Any CPU
		{A5AD8A51-0E40-4D13-90D9-D64705BF8261}.Debug|Any CPU.Build.0 = Debug|Any CPU
		{A5AD8A51-0E40-4D13-90D9-D64705BF8261}.Release|Any CPU.ActiveCfg = Release|Any CPU
		{A5AD8A51-0E40-4D13-90D9-D64705BF8261}.Release|Any CPU.Build.0 = Release|Any CPU
	EndGlobalSection
	GlobalSection(SolutionProperties) = preSolution
		HideSolutionNode = FALSE
	EndGlobalSection
EndGlobal
